{
  "version": 4,
  "terraform_version": "1.3.7",
  "serial": 33,
  "lineage": "f9940b3f-12f4-3154-25ec-80d08340469b",
  "outputs": {
    "e6data_workspace_gsa_email": {
      "value": "e6data-workspace-thirty@proven-outpost-351604.iam.gserviceaccount.com",
      "type": "string"
    },
    "e6data_workspace_name": {
      "value": "thirty",
      "type": "string"
    },
    "gke_nodegroup_max_instances": {
      "value": 5,
      "type": "number"
    },
    "gke_nodegroup_name": {
      "value": "e6data-workspace-thirty",
      "type": "string"
    },
    "kubernetes_namespace": {
      "value": "default",
      "type": "string"
    },
    "workspace_gcs_bucket_name": {
      "value": "e6data-workspace-thirty",
      "type": "string"
    }
  },
  "resources": [
    {
      "mode": "data",
      "type": "google_client_config",
      "name": "default",
      "provider": "provider[\"registry.terraform.io/hashicorp/google\"]",
      "instances": [
        {
          "schema_version": 0,
          "attributes": {
            "access_token": "ya29.c.b0Aaekm1K0Fo0vuuCl_TZ925l1F7pZXQ130aZvEm4_k3qaKu0sZQlbBQzH0YdG2uBgAJn_rtzUvwP4bG_yxcacr940SKbob2BUFc44VUY_Z0wVdbQ65GLe3-WHHOLv3uJx9pmaNbCoAMbpUBBwgvVbvyUwNvhLEw3JBAKR67yAbwlEjIFPdTOhP48VjmuWs2PxYpjFn8CTbXVDgmNwsaGf4kAh8sEPXEj31C0g4YVlxIsGOGc6m5Q1VVOOWLmlumzhGiS2fqjF8Xs0UPvaBePl3JlCFR4TW2GHXl_UToFU_d-M8zsj39gAQjSj3JOit2PwDfg194GAzSsG340AR8M3MBnWni4Wwh7BOSdr2RtkUzRytOsb__zZVt_sYl3WjBsgv3kOZO3BSX-rez3WkfqMXhy-od7raIIdxYRQQS6MUm20oyzJ1uMQ2FpQqQgwOB-m-aJdsVR0FoaJb8Qvzirv_aXVcFX6bSb1bXZ7-tSY1vShI3u9WpQlvOJsSxp7a-wiZYgpy_Ict37puloVRlr1aS9_47fvOI_lJpIl2V2Rvmt_jYsymZJ8k7ntcQSljUb80mnqFxRjwuBFuWsUqodbwYBtgnq0ooa0wVk1vXVw_OziX52j1Qzx_oBhjapRSnVUaatM2b7_pkOhwOeJIy4WwiofSw0gvkcJ5zQBxJ1jafQ1rixfs0M_-_otqki8eoR8gd_4aZFudOcjVwFJmRwvf1glnpljBtuBv5raohkqIw7V2kvqW3ZfbQ0ZYWvkFj7fdS2mRV41Sx2RgwfmSxnoMOhf3Ze-vx3qF8fFYXkIhxxiu0wgB14te9SqUwdrSi10JfUBoBfz_2Zzhb1f-1Xhbv3oobeemihFRhrfw2YF4MkUSijO2w-b5VMo4yVBcRo-Vq3O4_4aiMI_Wikhpd-Wxo8bn-oxoOWdU0mlfy6BlB5t16_ahip93q86_hruYpMXOJMb4YhYnil7n1rjaSWjFRwZ-XRna9Y10ir9hS3B-q1R-VxW19uB61I",
            "id": "projects/\"proven-outpost-351604\"/regions/\"us-central1\"/zones/\u003cnull\u003e",
            "project": "proven-outpost-351604",
            "region": "us-central1",
            "zone": null
          },
          "sensitive_attributes": []
        }
      ]
    },
    {
      "mode": "data",
      "type": "google_container_cluster",
      "name": "gke_cluster",
      "provider": "provider[\"registry.terraform.io/hashicorp/google\"]",
      "instances": [
        {
          "schema_version": 0,
          "attributes": {
            "addons_config": [
              {
                "cloudrun_config": [],
                "config_connector_config": [],
                "dns_cache_config": [
                  {
                    "enabled": false
                  }
                ],
                "gce_persistent_disk_csi_driver_config": [
                  {
                    "enabled": true
                  }
                ],
                "gcp_filestore_csi_driver_config": [],
                "gke_backup_agent_config": [],
                "horizontal_pod_autoscaling": [
                  {
                    "disabled": false
                  }
                ],
                "http_load_balancing": [
                  {
                    "disabled": false
                  }
                ],
                "network_policy_config": [
                  {
                    "disabled": true
                  }
                ]
              }
            ],
            "authenticator_groups_config": [
              {
                "security_group": ""
              }
            ],
            "binary_authorization": [
              {
                "enabled": false,
                "evaluation_mode": "DISABLED"
              }
            ],
            "cluster_autoscaling": [
              {
                "auto_provisioning_defaults": [],
                "enabled": false,
                "resource_limits": []
              }
            ],
            "cluster_ipv4_cidr": "10.8.0.0/14",
            "confidential_nodes": [],
            "cost_management_config": [],
            "database_encryption": [
              {
                "key_name": "",
                "state": "DECRYPTED"
              }
            ],
            "datapath_provider": "LEGACY_DATAPATH",
            "default_max_pods_per_node": 110,
            "default_snat_status": [
              {
                "disabled": false
              }
            ],
            "description": "",
            "dns_config": [],
            "enable_autopilot": false,
            "enable_binary_authorization": false,
            "enable_intranode_visibility": false,
            "enable_kubernetes_alpha": false,
            "enable_l4_ilb_subsetting": false,
            "enable_legacy_abac": false,
            "enable_shielded_nodes": true,
            "enable_tpu": false,
            "endpoint": "34.136.22.160",
            "gateway_api_config": [],
            "id": "projects/proven-outpost-351604/locations/us-central1/clusters/cluster-5",
            "initial_node_count": 0,
            "ip_allocation_policy": [
              {
                "cluster_ipv4_cidr_block": "10.8.0.0/14",
                "cluster_secondary_range_name": "gke-cluster-5-pods-d9044bd7",
                "pod_cidr_overprovision_config": [
                  {
                    "disabled": false
                  }
                ],
                "services_ipv4_cidr_block": "10.12.0.0/20",
                "services_secondary_range_name": "gke-cluster-5-services-d9044bd7",
                "stack_type": "IPV4"
              }
            ],
            "label_fingerprint": "a9dc16a7",
            "location": "us-central1",
            "logging_config": [
              {
                "enable_components": [
                  "SYSTEM_COMPONENTS",
                  "WORKLOADS"
                ]
              }
            ],
            "logging_service": "logging.googleapis.com/kubernetes",
            "maintenance_policy": [],
            "master_auth": [
              {
                "client_certificate": "",
                "client_certificate_config": [
                  {
                    "issue_client_certificate": false
                  }
                ],
                "client_key": "",
                "cluster_ca_certificate": "LS0tLS1CRUdJTiBDRVJUSUZJQ0FURS0tLS0tCk1JSUVMVENDQXBXZ0F3SUJBZ0lSQVBqU05UaXc3VWVvMW80aFFPbGlxRzR3RFFZSktvWklodmNOQVFFTEJRQXcKTHpFdE1Dc0dBMVVFQXhNa09EZzFNV1ZoTldFdE16SmxOaTAwTkRSa0xUazFNVFF0WXpNNVlqVmlZV1F3TldSbApNQ0FYRFRJek1EWXlNREExTWpjek1Wb1lEekl3TlRNd05qRXlNRFl5TnpNeFdqQXZNUzB3S3dZRFZRUURFeVE0Ck9EVXhaV0UxWVMwek1tVTJMVFEwTkdRdE9UVXhOQzFqTXpsaU5XSmhaREExWkdVd2dnR2lNQTBHQ1NxR1NJYjMKRFFFQkFRVUFBNElCandBd2dnR0tBb0lCZ1FDa3JYTURrMDB6cVlvTlVZMnMvME1HNktIZDhYT3dtMmErLzQxdQoxVDZESG14azRNay9PQ1N0UXk1dk92MStWbUlLdHFqZnkwVGt6RHkxWXk3WnVaNkJ3MXNrWW4zaXdYOHh0Sm1CCi9JQXNCeGc5RllyalJqVnVIazZwOVNheGZ4NW5UMnFGU1NpemhSZy9jZUtIbHZiTERmS1Nja0NuVnpFY3lnbFgKcWlDMDJiVDBlRDVhcFBlRkpwOUVUREIwU2s2Nk5NbHQwem5GS2t0QjVYWE5PNndqNHN4ZkJjVXpYeTQ4cUlwaQpiazcvWmJrTkFxQzlKQVV2amI3N0RDRy9Ta3U0V0VHelBPM05qd3V5STZnRS9mV3Fsb2QzU1BhVHZHTE9sU3ZaClVnTzVROFNkUzFrek43K2hJTWNJWHJPRmp2NUI3UGlabVdUUS9sVFg4bDJSZzhXamhoaHFUQ0c1cTY3ZTg1U3cKbWxjMmYzY2orcDdPaGFoZGM2MUlsZG12TkRKSGUvUGtyKzZTS2tlUm5Qa0dCb1JJeDc0S1Q5dmYyaHJIdUs4UQpWN0RtM3l4NkJIYUx5T1VwNDlCc0hyU0YwTTVETGVBWmdpV01qdjRSWVhyUXNDWWl2cGF2ZGx6OTJyVm5ya3ZpCkFYVUZnb0NockFlWlRSSnRjbUJsSm1YK0lGOENBd0VBQWFOQ01FQXdEZ1lEVlIwUEFRSC9CQVFEQWdJRU1BOEcKQTFVZEV3RUIvd1FGTUFNQkFmOHdIUVlEVlIwT0JCWUVGRkhITjRIbWdnUHpmUVplblAzQUZScGRpK0xjTUEwRwpDU3FHU0liM0RRRUJDd1VBQTRJQmdRQWx0QnVBNE5NUFBHMFEzUm9VZXBQYkYxZTlIYkYwMHlpb0Z2ak9JclByCktmVkt6NE5sZXFmRW1DZWl0Q3hmOTl4YXlvNDBQalkwazdMRmI0MEJLUDRJbXlqRXg4Z2p5R3RkaldhaHU0NDEKL2kvWXhwbm1zL0pmVjJzbVQ2WU9sN1d5OUdjR1UxVzdFWC9aSTd2dFRxKzdUWVRpTnREU21YemtCTytLVHkyUgpveE5qMUVzMXRsV3lTMXptblJyUTNneEhTL2c3WDJFUFVHOUFoQWNScnhySVVtODNoSFlCVVc4UDRENnIyNzBzCkhlbU1jNDVHVGFtdnM5SVdNT1pBQUVyNDVuUExhYjRTaUN2MzNjM3BXUjZwVG1MVldNRHhhYnExZlpxUUQxUHoKM0RjOUY2ZW5nb1piTUZHTnhNc0U2ZThxWFh3QklGWFFWM3lXY0VrejhvK1EvbUJKWUp4MTYwcXhHTXkzRjVCNAozdFlPWW1La1d6T2VRMzcweXZuL3BiRksydDVYUGdZMHBwSm1QMnh5WlR1UzE2ZlhHR1d0NDhQLzNuRzJNY0xsClh6NU9acklSclAvMUw5bHMzMGxXTEFNczFhaVRKaHIwRWk5S1M2azNSRDdGTmFYalVwdEREVC94dDJFVU4xc1cKNE01Rk13bnlhRkk0cjJSU0RtYTNnV009Ci0tLS0tRU5EIENFUlRJRklDQVRFLS0tLS0K"
              }
            ],
            "master_authorized_networks_config": [],
            "master_version": "1.26.5-gke.1200",
            "mesh_certificates": [],
            "min_master_version": null,
            "monitoring_config": [
              {
                "enable_components": [
                  "SYSTEM_COMPONENTS"
                ],
                "managed_prometheus": [
                  {
                    "enabled": false
                  }
                ]
              }
            ],
            "monitoring_service": "monitoring.googleapis.com/kubernetes",
            "name": "cluster-5",
            "network": "projects/proven-outpost-351604/global/networks/default",
            "network_policy": [
              {
                "enabled": false,
                "provider": "PROVIDER_UNSPECIFIED"
              }
            ],
            "networking_mode": "VPC_NATIVE",
            "node_config": [
              {
                "advanced_machine_features": [],
                "boot_disk_kms_key": "",
                "disk_size_gb": 100,
                "disk_type": "pd-balanced",
                "ephemeral_storage_local_ssd_config": [],
                "gcfs_config": [],
                "guest_accelerator": [],
                "gvnic": [],
                "image_type": "COS_CONTAINERD",
                "kubelet_config": [],
                "labels": {},
                "linux_node_config": [],
                "local_nvme_ssd_block_config": [],
                "local_ssd_count": 0,
                "logging_variant": "DEFAULT",
                "machine_type": "e2-medium",
                "metadata": {
                  "disable-legacy-endpoints": "true"
                },
                "min_cpu_platform": "",
                "node_group": "",
                "oauth_scopes": [
                  "https://www.googleapis.com/auth/devstorage.read_only",
                  "https://www.googleapis.com/auth/logging.write",
                  "https://www.googleapis.com/auth/monitoring",
                  "https://www.googleapis.com/auth/service.management.readonly",
                  "https://www.googleapis.com/auth/servicecontrol",
                  "https://www.googleapis.com/auth/trace.append"
                ],
                "preemptible": false,
                "reservation_affinity": [],
                "resource_labels": {},
                "service_account": "default",
                "shielded_instance_config": [
                  {
                    "enable_integrity_monitoring": true,
                    "enable_secure_boot": false
                  }
                ],
                "sole_tenant_config": [],
                "spot": true,
                "tags": [],
                "taint": [],
                "workload_metadata_config": [
                  {
                    "mode": "GKE_METADATA"
                  }
                ]
              }
            ],
            "node_locations": [
              "us-central1-b",
              "us-central1-c",
              "us-central1-f"
            ],
            "node_pool": [
              {
                "autoscaling": [],
                "initial_node_count": 1,
                "instance_group_urls": [
                  "https://www.googleapis.com/compute/v1/projects/proven-outpost-351604/zones/us-central1-f/instanceGroupManagers/gke-cluster-5-default-pool-3618f2db-grp",
                  "https://www.googleapis.com/compute/v1/projects/proven-outpost-351604/zones/us-central1-c/instanceGroupManagers/gke-cluster-5-default-pool-85d8495d-grp",
                  "https://www.googleapis.com/compute/v1/projects/proven-outpost-351604/zones/us-central1-b/instanceGroupManagers/gke-cluster-5-default-pool-63810ba9-grp"
                ],
                "managed_instance_group_urls": [
                  "https://www.googleapis.com/compute/v1/projects/proven-outpost-351604/zones/us-central1-f/instanceGroups/gke-cluster-5-default-pool-3618f2db-grp",
                  "https://www.googleapis.com/compute/v1/projects/proven-outpost-351604/zones/us-central1-c/instanceGroups/gke-cluster-5-default-pool-85d8495d-grp",
                  "https://www.googleapis.com/compute/v1/projects/proven-outpost-351604/zones/us-central1-b/instanceGroups/gke-cluster-5-default-pool-63810ba9-grp"
                ],
                "management": [
                  {
                    "auto_repair": true,
                    "auto_upgrade": true
                  }
                ],
                "max_pods_per_node": 110,
                "name": "default-pool",
                "name_prefix": "",
                "network_config": [
                  {
                    "create_pod_range": false,
                    "enable_private_nodes": false,
                    "pod_cidr_overprovision_config": [],
                    "pod_ipv4_cidr_block": "10.8.0.0/14",
                    "pod_range": "gke-cluster-5-pods-d9044bd7"
                  }
                ],
                "node_config": [
                  {
                    "advanced_machine_features": [],
                    "boot_disk_kms_key": "",
                    "disk_size_gb": 100,
                    "disk_type": "pd-balanced",
                    "ephemeral_storage_local_ssd_config": [],
                    "gcfs_config": [],
                    "guest_accelerator": [],
                    "gvnic": [],
                    "image_type": "COS_CONTAINERD",
                    "kubelet_config": [],
                    "labels": {},
                    "linux_node_config": [],
                    "local_nvme_ssd_block_config": [],
                    "local_ssd_count": 0,
                    "logging_variant": "DEFAULT",
                    "machine_type": "e2-medium",
                    "metadata": {
                      "disable-legacy-endpoints": "true"
                    },
                    "min_cpu_platform": "",
                    "node_group": "",
                    "oauth_scopes": [
                      "https://www.googleapis.com/auth/devstorage.read_only",
                      "https://www.googleapis.com/auth/logging.write",
                      "https://www.googleapis.com/auth/monitoring",
                      "https://www.googleapis.com/auth/service.management.readonly",
                      "https://www.googleapis.com/auth/servicecontrol",
                      "https://www.googleapis.com/auth/trace.append"
                    ],
                    "preemptible": false,
                    "reservation_affinity": [],
                    "resource_labels": {},
                    "service_account": "default",
                    "shielded_instance_config": [
                      {
                        "enable_integrity_monitoring": true,
                        "enable_secure_boot": false
                      }
                    ],
                    "sole_tenant_config": [],
                    "spot": true,
                    "tags": [],
                    "taint": [],
                    "workload_metadata_config": [
                      {
                        "mode": "GKE_METADATA"
                      }
                    ]
                  }
                ],
                "node_count": 1,
                "node_locations": [
                  "us-central1-b",
                  "us-central1-c",
                  "us-central1-f"
                ],
                "placement_policy": [],
                "upgrade_settings": [
                  {
                    "blue_green_settings": [],
                    "max_surge": 1,
                    "max_unavailable": 0,
                    "strategy": "SURGE"
                  }
                ],
                "version": "1.26.5-gke.1200"
              },
              {
                "autoscaling": [
                  {
                    "location_policy": "ANY",
                    "max_node_count": 0,
                    "min_node_count": 0,
                    "total_max_node_count": 5,
                    "total_min_node_count": 2
                  }
                ],
                "initial_node_count": 2,
                "instance_group_urls": [
                  "https://www.googleapis.com/compute/v1/projects/proven-outpost-351604/zones/us-central1-f/instanceGroupManagers/gke-cluster-5-e6data-workspace-gcp-ju-1980fb53-grp",
                  "https://www.googleapis.com/compute/v1/projects/proven-outpost-351604/zones/us-central1-c/instanceGroupManagers/gke-cluster-5-e6data-workspace-gcp-ju-01368ad0-grp",
                  "https://www.googleapis.com/compute/v1/projects/proven-outpost-351604/zones/us-central1-b/instanceGroupManagers/gke-cluster-5-e6data-workspace-gcp-ju-597c0249-grp"
                ],
                "managed_instance_group_urls": [
                  "https://www.googleapis.com/compute/v1/projects/proven-outpost-351604/zones/us-central1-f/instanceGroups/gke-cluster-5-e6data-workspace-gcp-ju-1980fb53-grp",
                  "https://www.googleapis.com/compute/v1/projects/proven-outpost-351604/zones/us-central1-c/instanceGroups/gke-cluster-5-e6data-workspace-gcp-ju-01368ad0-grp",
                  "https://www.googleapis.com/compute/v1/projects/proven-outpost-351604/zones/us-central1-b/instanceGroups/gke-cluster-5-e6data-workspace-gcp-ju-597c0249-grp"
                ],
                "management": [
                  {
                    "auto_repair": true,
                    "auto_upgrade": true
                  }
                ],
                "max_pods_per_node": 110,
                "name": "e6data-workspace-gcp-jul10",
                "name_prefix": "",
                "network_config": [
                  {
                    "create_pod_range": false,
                    "enable_private_nodes": false,
                    "pod_cidr_overprovision_config": [],
                    "pod_ipv4_cidr_block": "10.8.0.0/14",
                    "pod_range": "gke-cluster-5-pods-d9044bd7"
                  }
                ],
                "node_config": [
                  {
                    "advanced_machine_features": [],
                    "boot_disk_kms_key": "",
                    "disk_size_gb": 100,
                    "disk_type": "pd-balanced",
                    "ephemeral_storage_local_ssd_config": [],
                    "gcfs_config": [],
                    "guest_accelerator": [],
                    "gvnic": [],
                    "image_type": "COS_CONTAINERD",
                    "kubelet_config": [],
                    "labels": {},
                    "linux_node_config": [],
                    "local_nvme_ssd_block_config": [],
                    "local_ssd_count": 0,
                    "logging_variant": "DEFAULT",
                    "machine_type": "c2-standard-30",
                    "metadata": {
                      "disable-legacy-endpoints": "true"
                    },
                    "min_cpu_platform": "",
                    "node_group": "",
                    "oauth_scopes": [
                      "https://www.googleapis.com/auth/devstorage.read_only",
                      "https://www.googleapis.com/auth/logging.write",
                      "https://www.googleapis.com/auth/monitoring",
                      "https://www.googleapis.com/auth/service.management.readonly",
                      "https://www.googleapis.com/auth/servicecontrol",
                      "https://www.googleapis.com/auth/trace.append"
                    ],
                    "preemptible": false,
                    "reservation_affinity": [],
                    "resource_labels": {},
                    "service_account": "default",
                    "shielded_instance_config": [
                      {
                        "enable_integrity_monitoring": true,
                        "enable_secure_boot": false
                      }
                    ],
                    "sole_tenant_config": [],
                    "spot": true,
                    "tags": [],
                    "taint": [],
                    "workload_metadata_config": [
                      {
                        "mode": "GKE_METADATA"
                      }
                    ]
                  }
                ],
                "node_count": 0,
                "node_locations": [
                  "us-central1-b",
                  "us-central1-c",
                  "us-central1-f"
                ],
                "placement_policy": [],
                "upgrade_settings": [
                  {
                    "blue_green_settings": [],
                    "max_surge": 1,
                    "max_unavailable": 0,
                    "strategy": "SURGE"
                  }
                ],
                "version": "1.26.5-gke.1200"
              },
              {
                "autoscaling": [
                  {
                    "location_policy": "ANY",
                    "max_node_count": 0,
                    "min_node_count": 0,
                    "total_max_node_count": 5,
                    "total_min_node_count": 2
                  }
                ],
                "initial_node_count": 2,
                "instance_group_urls": [
                  "https://www.googleapis.com/compute/v1/projects/proven-outpost-351604/zones/us-central1-f/instanceGroupManagers/gke-cluster-5-e6data-workspace-thirty-bf5e7c96-grp",
                  "https://www.googleapis.com/compute/v1/projects/proven-outpost-351604/zones/us-central1-c/instanceGroupManagers/gke-cluster-5-e6data-workspace-thirty-4a653f9c-grp",
                  "https://www.googleapis.com/compute/v1/projects/proven-outpost-351604/zones/us-central1-b/instanceGroupManagers/gke-cluster-5-e6data-workspace-thirty-d0d5d840-grp"
                ],
                "managed_instance_group_urls": [
                  "https://www.googleapis.com/compute/v1/projects/proven-outpost-351604/zones/us-central1-f/instanceGroups/gke-cluster-5-e6data-workspace-thirty-bf5e7c96-grp",
                  "https://www.googleapis.com/compute/v1/projects/proven-outpost-351604/zones/us-central1-c/instanceGroups/gke-cluster-5-e6data-workspace-thirty-4a653f9c-grp",
                  "https://www.googleapis.com/compute/v1/projects/proven-outpost-351604/zones/us-central1-b/instanceGroups/gke-cluster-5-e6data-workspace-thirty-d0d5d840-grp"
                ],
                "management": [
                  {
                    "auto_repair": true,
                    "auto_upgrade": true
                  }
                ],
                "max_pods_per_node": 110,
                "name": "e6data-workspace-thirty",
                "name_prefix": "",
                "network_config": [
                  {
                    "create_pod_range": false,
                    "enable_private_nodes": false,
                    "pod_cidr_overprovision_config": [],
                    "pod_ipv4_cidr_block": "10.8.0.0/14",
                    "pod_range": "gke-cluster-5-pods-d9044bd7"
                  }
                ],
                "node_config": [
                  {
                    "advanced_machine_features": [],
                    "boot_disk_kms_key": "",
                    "disk_size_gb": 100,
                    "disk_type": "pd-balanced",
                    "ephemeral_storage_local_ssd_config": [],
                    "gcfs_config": [],
                    "guest_accelerator": [],
                    "gvnic": [],
                    "image_type": "COS_CONTAINERD",
                    "kubelet_config": [],
                    "labels": {},
                    "linux_node_config": [],
                    "local_nvme_ssd_block_config": [],
                    "local_ssd_count": 0,
                    "logging_variant": "DEFAULT",
                    "machine_type": "c2-standard-30",
                    "metadata": {
                      "disable-legacy-endpoints": "true"
                    },
                    "min_cpu_platform": "",
                    "node_group": "",
                    "oauth_scopes": [
                      "https://www.googleapis.com/auth/devstorage.read_only",
                      "https://www.googleapis.com/auth/logging.write",
                      "https://www.googleapis.com/auth/monitoring",
                      "https://www.googleapis.com/auth/service.management.readonly",
                      "https://www.googleapis.com/auth/servicecontrol",
                      "https://www.googleapis.com/auth/trace.append"
                    ],
                    "preemptible": false,
                    "reservation_affinity": [],
                    "resource_labels": {},
                    "service_account": "default",
                    "shielded_instance_config": [
                      {
                        "enable_integrity_monitoring": true,
                        "enable_secure_boot": false
                      }
                    ],
                    "sole_tenant_config": [],
                    "spot": true,
                    "tags": [],
                    "taint": [],
                    "workload_metadata_config": [
                      {
                        "mode": "GKE_METADATA"
                      }
                    ]
                  }
                ],
                "node_count": 0,
                "node_locations": [
                  "us-central1-b",
                  "us-central1-c",
                  "us-central1-f"
                ],
                "placement_policy": [],
                "upgrade_settings": [
                  {
                    "blue_green_settings": [],
                    "max_surge": 1,
                    "max_unavailable": 0,
                    "strategy": "SURGE"
                  }
                ],
                "version": "1.26.5-gke.1200"
              }
            ],
            "node_pool_defaults": [
              {
                "node_config_defaults": [
                  {
                    "logging_variant": "DEFAULT"
                  }
                ]
              }
            ],
            "node_version": "1.26.5-gke.1200",
            "notification_config": [
              {
                "pubsub": [
                  {
                    "enabled": false,
                    "filter": [],
                    "topic": ""
                  }
                ]
              }
            ],
            "operation": null,
            "private_cluster_config": [
              {
                "enable_private_endpoint": false,
                "enable_private_nodes": false,
                "master_global_access_config": [
                  {
                    "enabled": false
                  }
                ],
                "master_ipv4_cidr_block": "",
                "peering_name": "",
                "private_endpoint": "10.128.15.205",
                "private_endpoint_subnetwork": "",
                "public_endpoint": "34.136.22.160"
              }
            ],
            "private_ipv6_google_access": "",
            "project": "proven-outpost-351604",
            "release_channel": [
              {
                "channel": "REGULAR"
              }
            ],
            "remove_default_node_pool": null,
            "resource_labels": {},
            "resource_usage_export_config": [],
            "security_posture_config": [
              {
                "mode": "MODE_UNSPECIFIED",
                "vulnerability_mode": "VULNERABILITY_MODE_UNSPECIFIED"
              }
            ],
            "self_link": "https://container.googleapis.com/v1/projects/proven-outpost-351604/locations/us-central1/clusters/cluster-5",
            "service_external_ips_config": [
              {
                "enabled": false
              }
            ],
            "services_ipv4_cidr": "10.12.0.0/20",
            "subnetwork": "projects/proven-outpost-351604/regions/us-central1/subnetworks/default",
            "tpu_ipv4_cidr_block": "",
            "vertical_pod_autoscaling": [],
            "workload_identity_config": [
              {
                "workload_pool": "proven-outpost-351604.svc.id.goog"
              }
            ]
          },
          "sensitive_attributes": []
        }
      ]
    },
    {
      "mode": "data",
      "type": "google_project",
      "name": "current",
      "provider": "provider[\"registry.terraform.io/hashicorp/google\"]",
      "instances": [
        {
          "schema_version": 0,
          "attributes": {
            "auto_create_network": null,
            "billing_account": null,
            "folder_id": "",
            "id": "projects/proven-outpost-351604",
            "labels": {},
            "name": "demo-gcp",
            "number": "930669622675",
            "org_id": "773924602343",
            "project_id": "proven-outpost-351604",
            "skip_delete": null
          },
          "sensitive_attributes": []
        }
      ]
    },
    {
      "mode": "managed",
      "type": "google_container_node_pool",
      "name": "workspace",
      "provider": "provider[\"registry.terraform.io/hashicorp/google\"]",
      "instances": [
        {
          "schema_version": 1,
          "attributes": {
            "autoscaling": [
              {
                "location_policy": "ANY",
                "max_node_count": 0,
                "min_node_count": 0,
                "total_max_node_count": 5,
                "total_min_node_count": 2
              }
            ],
            "cluster": "projects/proven-outpost-351604/locations/us-central1/clusters/cluster-5",
            "id": "projects/proven-outpost-351604/locations/us-central1/clusters/cluster-5/nodePools/e6data-workspace-thirty",
            "initial_node_count": 2,
            "instance_group_urls": [
              "https://www.googleapis.com/compute/v1/projects/proven-outpost-351604/zones/us-central1-f/instanceGroupManagers/gke-cluster-5-e6data-workspace-thirty-bf5e7c96-grp",
              "https://www.googleapis.com/compute/v1/projects/proven-outpost-351604/zones/us-central1-c/instanceGroupManagers/gke-cluster-5-e6data-workspace-thirty-4a653f9c-grp",
              "https://www.googleapis.com/compute/v1/projects/proven-outpost-351604/zones/us-central1-b/instanceGroupManagers/gke-cluster-5-e6data-workspace-thirty-d0d5d840-grp"
            ],
            "location": "us-central1",
            "managed_instance_group_urls": [
              "https://www.googleapis.com/compute/v1/projects/proven-outpost-351604/zones/us-central1-f/instanceGroups/gke-cluster-5-e6data-workspace-thirty-bf5e7c96-grp",
              "https://www.googleapis.com/compute/v1/projects/proven-outpost-351604/zones/us-central1-c/instanceGroups/gke-cluster-5-e6data-workspace-thirty-4a653f9c-grp",
              "https://www.googleapis.com/compute/v1/projects/proven-outpost-351604/zones/us-central1-b/instanceGroups/gke-cluster-5-e6data-workspace-thirty-d0d5d840-grp"
            ],
            "management": [
              {
                "auto_repair": true,
                "auto_upgrade": true
              }
            ],
            "max_pods_per_node": 110,
            "name": "e6data-workspace-thirty",
            "name_prefix": "",
            "network_config": [
              {
                "create_pod_range": false,
                "enable_private_nodes": false,
                "pod_cidr_overprovision_config": [],
                "pod_ipv4_cidr_block": "10.8.0.0/14",
                "pod_range": "gke-cluster-5-pods-d9044bd7"
              }
            ],
            "node_config": [
              {
                "advanced_machine_features": [],
                "boot_disk_kms_key": "",
                "disk_size_gb": 100,
                "disk_type": "pd-balanced",
                "ephemeral_storage_local_ssd_config": [],
                "gcfs_config": [],
                "guest_accelerator": [],
                "gvnic": [],
                "image_type": "COS_CONTAINERD",
                "kubelet_config": [],
                "labels": {},
                "linux_node_config": [],
                "local_nvme_ssd_block_config": [],
                "local_ssd_count": 0,
                "logging_variant": "DEFAULT",
                "machine_type": "c2-standard-30",
                "metadata": {
                  "disable-legacy-endpoints": "true"
                },
                "min_cpu_platform": "",
                "node_group": "",
                "oauth_scopes": [
                  "https://www.googleapis.com/auth/devstorage.read_only",
                  "https://www.googleapis.com/auth/logging.write",
                  "https://www.googleapis.com/auth/monitoring",
                  "https://www.googleapis.com/auth/service.management.readonly",
                  "https://www.googleapis.com/auth/servicecontrol",
                  "https://www.googleapis.com/auth/trace.append"
                ],
                "preemptible": false,
                "reservation_affinity": [],
                "resource_labels": {},
                "service_account": "default",
                "shielded_instance_config": [
                  {
                    "enable_integrity_monitoring": true,
                    "enable_secure_boot": false
                  }
                ],
                "sole_tenant_config": [],
                "spot": true,
                "tags": [],
                "taint": [],
                "workload_metadata_config": [
                  {
                    "mode": "GKE_METADATA"
                  }
                ]
              }
            ],
            "node_count": 0,
            "node_locations": [
              "us-central1-b",
              "us-central1-c",
              "us-central1-f"
            ],
            "operation": null,
            "placement_policy": [],
            "project": "proven-outpost-351604",
            "timeouts": null,
            "upgrade_settings": [
              {
                "blue_green_settings": [],
                "max_surge": 1,
                "max_unavailable": 0,
                "strategy": "SURGE"
              }
            ],
            "version": "1.26.5-gke.1200"
          },
          "sensitive_attributes": [],
          "private": "eyJlMmJmYjczMC1lY2FhLTExZTYtOGY4OC0zNDM2M2JjN2M0YzAiOnsiY3JlYXRlIjoxODAwMDAwMDAwMDAwLCJkZWxldGUiOjE4MDAwMDAwMDAwMDAsInVwZGF0ZSI6MTgwMDAwMDAwMDAwMH0sInNjaGVtYV92ZXJzaW9uIjoiMSJ9",
          "dependencies": [
            "data.google_container_cluster.gke_cluster"
          ]
        }
      ]
    },
    {
      "mode": "managed",
      "type": "google_project_iam_binding",
      "name": "platform_gcs_read_binding",
      "provider": "provider[\"registry.terraform.io/hashicorp/google\"]",
      "instances": [
        {
          "schema_version": 0,
          "attributes": {
            "condition": [
              {
                "description": "Read access to e6data workspace GCS bucket",
                "expression": "resource.name.startsWith(\"projects/_/buckets/e6data-workspace-thirty/\")",
                "title": "Workspace Read Access"
              }
            ],
            "etag": "BwYASDjc5J0=",
            "id": "proven-outpost-351604/projects/proven-outpost-351604/roles/e6data_thirty_write/Workspace Read Access/Read access to e6data workspace GCS bucket/resource.name.startsWith(\"projects/_/buckets/e6data-workspace-thirty/\")",
            "members": [
              "serviceAccount:dev-e6-helm-op-whyezopu@e6data-analytics.iam.gserviceaccount.com"
            ],
            "project": "proven-outpost-351604",
            "role": "projects/proven-outpost-351604/roles/e6data_thirty_write"
          },
          "sensitive_attributes": [],
          "private": "bnVsbA==",
          "dependencies": [
            "google_project_iam_custom_role.workspace_write_role",
            "google_storage_bucket.workspace_bucket"
          ]
        }
      ]
    },
    {
      "mode": "managed",
      "type": "google_project_iam_binding",
      "name": "platform_ksa_mapping",
      "provider": "provider[\"registry.terraform.io/hashicorp/google\"]",
      "instances": [
        {
          "schema_version": 0,
          "attributes": {
            "condition": [],
            "etag": "BwYASDjc5J0=",
            "id": "proven-outpost-351604/roles/container.clusterViewer",
            "members": [
              "serviceAccount:dev-e6-helm-op-whyezopu@e6data-analytics.iam.gserviceaccount.com"
            ],
            "project": "proven-outpost-351604",
            "role": "roles/container.clusterViewer"
          },
          "sensitive_attributes": [],
          "private": "bnVsbA=="
        }
      ]
    },
    {
      "mode": "managed",
      "type": "google_project_iam_binding",
      "name": "workspace_ksa_mapping",
      "provider": "provider[\"registry.terraform.io/hashicorp/google\"]",
      "instances": [
        {
          "schema_version": 0,
          "attributes": {
            "condition": [],
            "etag": "BwYASDjc5J0=",
            "id": "proven-outpost-351604/roles/iam.workloadIdentityUser",
            "members": [
              "serviceAccount:proven-outpost-351604.svc.id.goog[default/thirty]"
            ],
            "project": "proven-outpost-351604",
            "role": "roles/iam.workloadIdentityUser"
          },
          "sensitive_attributes": [],
          "private": "bnVsbA=="
        }
      ]
    },
    {
      "mode": "managed",
      "type": "google_project_iam_binding",
      "name": "workspace_read_binding",
      "provider": "provider[\"registry.terraform.io/hashicorp/google\"]",
      "instances": [
        {
          "schema_version": 0,
          "attributes": {
            "condition": [
              {
                "description": "Read access to e6data workspace GCS bucket",
                "expression": "resource.name.startsWith(\"projects/_/buckets/adi-testing-bucket\")||resource.name.startsWith(\"projects/_/buckets/e6-dataset-demo\")||resource.name.startsWith(\"projects/_/buckets/e6-dev-catalog\")",
                "title": "Workspace Read Access"
              }
            ],
            "etag": "BwYASEeXJhw=",
            "id": "proven-outpost-351604/projects/proven-outpost-351604/roles/e6data_thirty_read/Workspace Read Access/Read access to e6data workspace GCS bucket/resource.name.startsWith(\"projects/_/buckets/adi-testing-bucket\")||resource.name.startsWith(\"projects/_/buckets/e6-dataset-demo\")||resource.name.startsWith(\"projects/_/buckets/e6-dev-catalog\")",
            "members": [
              "serviceAccount:e6data-workspace-thirty@proven-outpost-351604.iam.gserviceaccount.com"
            ],
            "project": "proven-outpost-351604",
            "role": "projects/proven-outpost-351604/roles/e6data_thirty_read"
          },
          "sensitive_attributes": [],
          "private": "bnVsbA==",
          "dependencies": [
            "google_project_iam_custom_role.workspace_read_role",
            "google_service_account.workspace_sa",
            "google_storage_bucket.workspace_bucket"
          ]
        }
      ]
    },
    {
      "mode": "managed",
      "type": "google_project_iam_binding",
      "name": "workspace_write_binding",
      "provider": "provider[\"registry.terraform.io/hashicorp/google\"]",
      "instances": [
        {
          "schema_version": 0,
          "attributes": {
            "condition": [
              {
                "description": "Write access to e6data workspace GCS bucket",
                "expression": "resource.name.startsWith(\"projects/_/buckets/e6data-workspace-thirty/\")",
                "title": "Workspace Write Access"
              }
            ],
            "etag": "BwYASDjc5J0=",
            "id": "proven-outpost-351604/projects/proven-outpost-351604/roles/e6data_thirty_write/Workspace Write Access/Write access to e6data workspace GCS bucket/resource.name.startsWith(\"projects/_/buckets/e6data-workspace-thirty/\")",
            "members": [
              "serviceAccount:e6data-workspace-thirty@proven-outpost-351604.iam.gserviceaccount.com"
            ],
            "project": "proven-outpost-351604",
            "role": "projects/proven-outpost-351604/roles/e6data_thirty_write"
          },
          "sensitive_attributes": [],
          "private": "bnVsbA==",
          "dependencies": [
            "google_project_iam_custom_role.workspace_write_role",
            "google_service_account.workspace_sa",
            "google_storage_bucket.workspace_bucket"
          ]
        }
      ]
    },
    {
      "mode": "managed",
      "type": "google_project_iam_custom_role",
      "name": "workspace_read_role",
      "provider": "provider[\"registry.terraform.io/hashicorp/google\"]",
      "instances": [
        {
          "schema_version": 0,
          "attributes": {
            "deleted": false,
            "description": "Custom e6data workspace role for GCS read access",
            "id": "projects/proven-outpost-351604/roles/e6data_thirty_read",
            "name": "projects/proven-outpost-351604/roles/e6data_thirty_read",
            "permissions": [
              "storage.objects.get",
              "storage.objects.getIamPolicy",
              "storage.objects.list"
            ],
            "project": "proven-outpost-351604",
            "role_id": "e6data_thirty_read",
            "stage": "GA",
            "title": "e6data thirty Workspace Read Access"
          },
          "sensitive_attributes": [],
          "private": "bnVsbA=="
        }
      ]
    },
    {
      "mode": "managed",
      "type": "google_project_iam_custom_role",
      "name": "workspace_write_role",
      "provider": "provider[\"registry.terraform.io/hashicorp/google\"]",
      "instances": [
        {
          "schema_version": 0,
          "attributes": {
            "deleted": false,
            "description": "Custom e6data workspace role for GCS write access ",
            "id": "projects/proven-outpost-351604/roles/e6data_thirty_write",
            "name": "projects/proven-outpost-351604/roles/e6data_thirty_write",
            "permissions": [
              "storage.objects.create",
              "storage.objects.delete",
              "storage.objects.get",
              "storage.objects.getIamPolicy",
              "storage.objects.list",
              "storage.objects.setIamPolicy",
              "storage.objects.update"
            ],
            "project": "proven-outpost-351604",
            "role_id": "e6data_thirty_write",
            "stage": "GA",
            "title": "e6data thirty Workspace Write Access"
          },
          "sensitive_attributes": [],
          "private": "bnVsbA=="
        }
      ]
    },
    {
      "mode": "managed",
      "type": "google_service_account",
      "name": "workspace_sa",
      "provider": "provider[\"registry.terraform.io/hashicorp/google\"]",
      "instances": [
        {
          "schema_version": 0,
          "attributes": {
            "account_id": "e6data-workspace-thirty",
            "description": "Service account for e6data workspace access",
            "disabled": false,
            "display_name": "e6data-workspace-thirty",
            "email": "e6data-workspace-thirty@proven-outpost-351604.iam.gserviceaccount.com",
            "id": "projects/proven-outpost-351604/serviceAccounts/e6data-workspace-thirty@proven-outpost-351604.iam.gserviceaccount.com",
            "member": "serviceAccount:e6data-workspace-thirty@proven-outpost-351604.iam.gserviceaccount.com",
            "name": "projects/proven-outpost-351604/serviceAccounts/e6data-workspace-thirty@proven-outpost-351604.iam.gserviceaccount.com",
            "project": "proven-outpost-351604",
            "timeouts": null,
            "unique_id": "100261121335608638817"
          },
          "sensitive_attributes": [],
          "private": "eyJlMmJmYjczMC1lY2FhLTExZTYtOGY4OC0zNDM2M2JjN2M0YzAiOnsiY3JlYXRlIjozMDAwMDAwMDAwMDB9fQ=="
        }
      ]
    },
    {
      "mode": "managed",
      "type": "google_storage_bucket",
      "name": "workspace_bucket",
      "provider": "provider[\"registry.terraform.io/hashicorp/google\"]",
      "instances": [
        {
          "schema_version": 0,
          "attributes": {
            "autoclass": [],
            "cors": [],
            "custom_placement_config": [],
            "default_event_based_hold": false,
            "encryption": [],
            "force_destroy": false,
            "id": "e6data-workspace-thirty",
            "labels": {},
            "lifecycle_rule": [],
            "location": "US-CENTRAL1",
            "logging": [],
            "name": "e6data-workspace-thirty",
            "project": "proven-outpost-351604",
            "public_access_prevention": "inherited",
            "requester_pays": false,
            "retention_policy": [],
            "self_link": "https://www.googleapis.com/storage/v1/b/e6data-workspace-thirty",
            "storage_class": "STANDARD",
            "timeouts": null,
            "uniform_bucket_level_access": false,
            "url": "gs://e6data-workspace-thirty",
            "versioning": [],
            "website": []
          },
          "sensitive_attributes": [],
          "private": "eyJlMmJmYjczMC1lY2FhLTExZTYtOGY4OC0zNDM2M2JjN2M0YzAiOnsiY3JlYXRlIjo2MDAwMDAwMDAwMDAsInJlYWQiOjI0MDAwMDAwMDAwMCwidXBkYXRlIjoyNDAwMDAwMDAwMDB9fQ=="
        }
      ]
    },
    {
      "mode": "managed",
      "type": "helm_release",
      "name": "e6data_workspace_deployment",
      "provider": "provider[\"registry.terraform.io/hashicorp/helm\"].gke_e6data",
      "instances": [
        {
          "schema_version": 1,
          "attributes": {
            "atomic": false,
            "chart": "workspace",
            "cleanup_on_fail": false,
            "create_namespace": true,
            "dependency_update": false,
            "description": null,
            "devel": null,
            "disable_crd_hooks": false,
            "disable_openapi_validation": false,
            "disable_webhooks": false,
            "force_update": false,
            "id": "thirty",
            "keyring": null,
            "lint": false,
            "manifest": null,
            "max_history": 0,
            "metadata": [
              {
                "app_version": "v0.1.1",
                "chart": "workspace",
                "name": "thirty",
                "namespace": "default",
                "revision": 1,
                "values": "{\"cloud\":{\"control_plane_user\":[\"115022675482241385559\",\"dev-e6-helm-op-whyezopu@e6data-analytics.iam.gserviceaccount.com\"],\"oidc_value\":\"e6data-workspace-thirty@proven-outpost-351604.iam.gserviceaccount.com\",\"type\":\"GCP\"}}",
                "version": "0.7.26"
              }
            ],
            "name": "thirty",
            "namespace": "default",
            "pass_credentials": false,
            "postrender": [],
            "recreate_pods": false,
            "render_subchart_notes": true,
            "replace": false,
            "repository": "https://e6x-labs.github.io/e6data-workspace/",
            "repository_ca_file": null,
            "repository_cert_file": null,
            "repository_key_file": null,
            "repository_password": null,
            "repository_username": null,
            "reset_values": false,
            "reuse_values": false,
            "set": [],
            "set_list": [],
            "set_sensitive": [],
            "skip_crds": false,
            "status": "deployed",
            "timeout": 600,
            "values": [
              "\"cloud\":\n  \"control_plane_user\":\n  - \"115022675482241385559\"\n  - \"dev-e6-helm-op-whyezopu@e6data-analytics.iam.gserviceaccount.com\"\n  \"oidc_value\": \"e6data-workspace-thirty@proven-outpost-351604.iam.gserviceaccount.com\"\n  \"type\": \"GCP\"\n"
            ],
            "verify": false,
            "version": "0.7.26",
            "wait": true,
            "wait_for_jobs": false
          },
          "sensitive_attributes": [],
          "private": "eyJzY2hlbWFfdmVyc2lvbiI6IjEifQ==",
          "dependencies": [
            "data.google_client_config.default",
            "data.google_container_cluster.gke_cluster",
            "google_service_account.workspace_sa"
          ]
        }
      ]
    }
  ],
  "check_results": null
}
